
Microsoft Visual Studio Solution File, Format Version 12.00
# Visual Studio Version 17
VisualStudioVersion = 17.11.35327.3
MinimumVisualStudioVersion = 10.0.40219.1
Project("{FAE04EC0-301F-11D3-BF4B-00C04F79EFBC}") = "ProductCatalogAPI", "ProductCatalogAPI.csproj", "{6CAAB25C-BEBA-47C7-BAA2-52BFAD3F2370}"
EndProject
Project("{FAE04EC0-301F-11D3-BF4B-00C04F79EFBC}") = "ProductCatalogAPI.Tests", "..\ProductCatalogAPI.Tests\ProductCatalogAPI.Tests.csproj", "{15A0103D-B1EA-4520-BE80-6CB7AC4BEA1D}"
EndProject
Global
	GlobalSection(SolutionConfigurationPlatforms) = preSolution
		Debug|Any CPU = Debug|Any CPU
		Release|Any CPU = Release|Any CPU
	EndGlobalSection
	GlobalSection(ProjectConfigurationPlatforms) = postSolution
		{6CAAB25C-BEBA-47C7-BAA2-52BFAD3F2370}.Debug|Any CPU.ActiveCfg = Debug|Any CPU
		{6CAAB25C-BEBA-47C7-BAA2-52BFAD3F2370}.Debug|Any CPU.Build.0 = Debug|Any CPU
		{6CAAB25C-BEBA-47C7-BAA2-52BFAD3F2370}.Release|Any CPU.ActiveCfg = Release|Any CPU
		{6CAAB25C-BEBA-47C7-BAA2-52BFAD3F2370}.Release|Any CPU.Build.0 = Release|Any CPU
		{15A0103D-B1EA-4520-BE80-6CB7AC4BEA1D}.Debug|Any CPU.ActiveCfg = Debug|Any CPU
		{15A0103D-B1EA-4520-BE80-6CB7AC4BEA1D}.Debug|Any CPU.Build.0 = Debug|Any CPU
		{15A0103D-B1EA-4520-BE80-6CB7AC4BEA1D}.Release|Any CPU.ActiveCfg = Release|Any CPU
		{15A0103D-B1EA-4520-BE80-6CB7AC4BEA1D}.Release|Any CPU.Build.0 = Release|Any CPU
	EndGlobalSection
	GlobalSection(SolutionProperties) = preSolution
		HideSolutionNode = FALSE
	EndGlobalSection
	GlobalSection(ExtensibilityGlobals) = postSolution
		SolutionGuid = {52251788-AF07-4672-814A-C139BF0E0449}
	EndGlobalSection
EndGlobal
